
Microsoft Visual Studio Solution File, Format Version 12.00
# Visual Studio Version 17
VisualStudioVersion = 17.7.34202.233
MinimumVisualStudioVersion = 10.0.40219.1
Project("{9A19103F-16F7-4668-BE54-9A1E7A4F7556}") = "WebApplication1", "WebApplication1\WebApplication1.csproj", "{2A4F9AF2-8B10-4264-8DB6-B10A0A58F114}"
EndProject
Global
	GlobalSection(SolutionConfigurationPlatforms) = preSolution
		Debug|Any CPU = Debug|Any CPU
		Release|Any CPU = Release|Any CPU
	EndGlobalSection
	GlobalSection(ProjectConfigurationPlatforms) = postSolution
		{2A4F9AF2-8B10-4264-8DB6-B10A0A58F114}.Debug|Any CPU.ActiveCfg = Debug|Any CPU
		{2A4F9AF2-8B10-4264-8DB6-B10A0A58F114}.Debug|Any CPU.Build.0 = Debug|Any CPU
		{2A4F9AF2-8B10-4264-8DB6-B10A0A58F114}.Release|Any CPU.ActiveCfg = Release|Any CPU
		{2A4F9AF2-8B10-4264-8DB6-B10A0A58F114}.Release|Any CPU.Build.0 = Release|Any CPU
	EndGlobalSection
	GlobalSection(SolutionProperties) = preSolution
		HideSolutionNode = FALSE
	EndGlobalSection
	GlobalSection(ExtensibilityGlobals) = postSolution
		SolutionGuid = {C13FB75F-C09D-4991-B352-34E3B5B530A7}
	EndGlobalSection
EndGlobal
